// !$*UTF8*$!
{
	archiveVersion = 1;
	classes = {
	};
	objectVersion = 48;
	objects = {

/* Begin PBXBuildFile section */
		25D1667276A0D3E79C588C83 /* AppDelegate.swift in Embed Sources */ = {isa = PBXBuildFile; fileRef = C4153834206C10090042D8E4 /* AppDelegate.swift */; };
		310F6C22AE44FE812EF5D848 /* ThrowingResult.swift in Embed Sources */ = {isa = PBXBuildFile; fileRef = C4E664B9206D28BC0008CC56 /* ThrowingResult.swift */; };
		3C74B02322A01E41BBE2D506 /* FlickrSearchRequests.swift in Embed Sources */ = {isa = PBXBuildFile; fileRef = C4E664BB206D2C320008CC56 /* FlickrSearchRequests.swift */; };
		3ED63BB78268CC50C701F779 /* FlickrSearch.swift in Embed Sources */ = {isa = PBXBuildFile; fileRef = C467138F206C36B10034C2D3 /* FlickrSearch.swift */; };
		489BBA5CF07632C7821A55A7 /* OptionallyDecodedString.swift in Embed Sources */ = {isa = PBXBuildFile; fileRef = C42F6DBC206D6BD900C949B0 /* OptionallyDecodedString.swift */; };
		5FCCBBFB794AF85138166EF6 /* FlickrSearchResultItemCell.swift in Embed Sources */ = {isa = PBXBuildFile; fileRef = C415386B206C10D90042D8E4 /* FlickrSearchResultItemCell.swift */; };
		60E1C2F356EF041CEF585ABB /* APIConfig.swift in Embed Sources */ = {isa = PBXBuildFile; fileRef = C4B8CD46206D5AE800A3D75F /* APIConfig.swift */; };
		71914B34E9BF288688FD88B4 /* FlickrSearchResultsCollectionViewDataSource.swift in Embed Sources */ = {isa = PBXBuildFile; fileRef = C49CA77C207088DC00E03DE9 /* FlickrSearchResultsCollectionViewDataSource.swift */; };
		764D55E9228AFA3D0E77EACA /* FlickrSearchResultDetailViewController.swift in Embed Sources */ = {isa = PBXBuildFile; fileRef = C415383B206C10090042D8E4 /* FlickrSearchResultDetailViewController.swift */; };
		78907488BCF9A5FBCB20B794 /* FlickrSearchResultsCollectionViewUpdater.swift in Embed Sources */ = {isa = PBXBuildFile; fileRef = C49CA77A20707DE400E03DE9 /* FlickrSearchResultsCollectionViewUpdater.swift */; };
		8FF399288976F511201BF252 /* FlickrSearchRequestsOnlineTests.swift in Embed Sources */ = {isa = PBXBuildFile; fileRef = C415384E206C100B0042D8E4 /* FlickrSearchRequestsOnlineTests.swift */; };
		AA401C732616443EA7E6DBE1 /* FlickrSearchResultsViewController.swift in Embed Sources */ = {isa = PBXBuildFile; fileRef = C4153839206C10090042D8E4 /* FlickrSearchResultsViewController.swift */; };
		B07E229D151996D544C7EABE /* FlickrSearchResultsUpdater.swift in Embed Sources */ = {isa = PBXBuildFile; fileRef = C467138D206C2DB50034C2D3 /* FlickrSearchResultsUpdater.swift */; };
		C4153835206C10090042D8E4 /* AppDelegate.swift in Sources */ = {isa = PBXBuildFile; fileRef = C4153834206C10090042D8E4 /* AppDelegate.swift */; };
		C4153838206C10090042D8E4 /* FlickrSearch.xcdatamodeld in Sources */ = {isa = PBXBuildFile; fileRef = C4153836206C10090042D8E4 /* FlickrSearch.xcdatamodeld */; };
		C415383A206C10090042D8E4 /* FlickrSearchResultsViewController.swift in Sources */ = {isa = PBXBuildFile; fileRef = C4153839206C10090042D8E4 /* FlickrSearchResultsViewController.swift */; };
		C415383C206C10090042D8E4 /* FlickrSearchResultDetailViewController.swift in Sources */ = {isa = PBXBuildFile; fileRef = C415383B206C10090042D8E4 /* FlickrSearchResultDetailViewController.swift */; };
		C415383F206C10090042D8E4 /* Main.storyboard in Resources */ = {isa = PBXBuildFile; fileRef = C415383D206C10090042D8E4 /* Main.storyboard */; };
		C4153841206C100A0042D8E4 /* Assets.xcassets in Resources */ = {isa = PBXBuildFile; fileRef = C4153840206C100A0042D8E4 /* Assets.xcassets */; };
		C4153844206C100A0042D8E4 /* LaunchScreen.storyboard in Resources */ = {isa = PBXBuildFile; fileRef = C4153842206C100A0042D8E4 /* LaunchScreen.storyboard */; };
		C415384F206C100B0042D8E4 /* FlickrSearchRequestsOnlineTests.swift in Sources */ = {isa = PBXBuildFile; fileRef = C415384E206C100B0042D8E4 /* FlickrSearchRequestsOnlineTests.swift */; };
		C415385A206C100B0042D8E4 /* FlickrSearchUITests.swift in Sources */ = {isa = PBXBuildFile; fileRef = C4153859206C100B0042D8E4 /* FlickrSearchUITests.swift */; };
		C4153868206C10C60042D8E4 /* Sugar.swift in Sources */ = {isa = PBXBuildFile; fileRef = C4153867206C10C60042D8E4 /* Sugar.swift */; };
		C415386A206C10D20042D8E4 /* FlickrSearchResultItemCell.xib in Resources */ = {isa = PBXBuildFile; fileRef = C4153869206C10D20042D8E4 /* FlickrSearchResultItemCell.xib */; };
		C415386C206C10D90042D8E4 /* FlickrSearchResultItemCell.swift in Sources */ = {isa = PBXBuildFile; fileRef = C415386B206C10D90042D8E4 /* FlickrSearchResultItemCell.swift */; };
		C42F6DBD206D6BD900C949B0 /* OptionallyDecodedString.swift in Sources */ = {isa = PBXBuildFile; fileRef = C42F6DBC206D6BD900C949B0 /* OptionallyDecodedString.swift */; };
		C455D674206D9DD2002204AD /* GETracing.framework in Embed Frameworks */ = {isa = PBXBuildFile; fileRef = C460D64C206D9B0600A0641C /* GETracing.framework */; settings = {ATTRIBUTES = (CodeSignOnCopy, RemoveHeadersOnCopy, ); }; };
		C455D67E206D9F4A002204AD /* GEFoundation.framework in Embed Frameworks */ = {isa = PBXBuildFile; fileRef = C455D67C206D9F4A002204AD /* GEFoundation.framework */; settings = {ATTRIBUTES = (CodeSignOnCopy, RemoveHeadersOnCopy, ); }; };
		C455D680206D9F74002204AD /* main.swift in Sources */ = {isa = PBXBuildFile; fileRef = C455D67F206D9F74002204AD /* main.swift */; };
		C467138E206C2DB50034C2D3 /* FlickrSearchResultsUpdater.swift in Sources */ = {isa = PBXBuildFile; fileRef = C467138D206C2DB50034C2D3 /* FlickrSearchResultsUpdater.swift */; };
		C4671390206C36B10034C2D3 /* FlickrSearch.swift in Sources */ = {isa = PBXBuildFile; fileRef = C467138F206C36B10034C2D3 /* FlickrSearch.swift */; };
		C480A3D120709B2E006A302A /* FlickrSearchResultsController.swift in Sources */ = {isa = PBXBuildFile; fileRef = C480A3D020709B2E006A302A /* FlickrSearchResultsController.swift */; };
		C49CA77B20707DE400E03DE9 /* FlickrSearchResultsCollectionViewUpdater.swift in Sources */ = {isa = PBXBuildFile; fileRef = C49CA77A20707DE400E03DE9 /* FlickrSearchResultsCollectionViewUpdater.swift */; };
		C49CA77D207088DC00E03DE9 /* FlickrSearchResultsCollectionViewDataSource.swift in Sources */ = {isa = PBXBuildFile; fileRef = C49CA77C207088DC00E03DE9 /* FlickrSearchResultsCollectionViewDataSource.swift */; };
		C4B8CD47206D5AE800A3D75F /* APIConfig.swift in Sources */ = {isa = PBXBuildFile; fileRef = C4B8CD46206D5AE800A3D75F /* APIConfig.swift */; };
		C4E664BA206D28BC0008CC56 /* ThrowingResult.swift in Sources */ = {isa = PBXBuildFile; fileRef = C4E664B9206D28BC0008CC56 /* ThrowingResult.swift */; };
		C4E664BC206D2C320008CC56 /* FlickrSearchRequests.swift in Sources */ = {isa = PBXBuildFile; fileRef = C4E664BB206D2C320008CC56 /* FlickrSearchRequests.swift */; };
		C5C63588AE6743CC288FD718 /* FlickrSearchUITests.swift in Embed Sources */ = {isa = PBXBuildFile; fileRef = C4153859206C100B0042D8E4 /* FlickrSearchUITests.swift */; };
		D3987ACCF7B5C448B3231A2C /* Sugar.swift in Embed Sources */ = {isa = PBXBuildFile; fileRef = C4153867206C10C60042D8E4 /* Sugar.swift */; };
		DBE310AD957325CE1A78D1E4 /* FlickrSearchResultsController.swift in Embed Sources */ = {isa = PBXBuildFile; fileRef = C480A3D020709B2E006A302A /* FlickrSearchResultsController.swift */; };
		E5CF5F5C4DCAF7B63145B914 /* main.swift in Embed Sources */ = {isa = PBXBuildFile; fileRef = C455D67F206D9F74002204AD /* main.swift */; };
/* End PBXBuildFile section */

/* Begin PBXContainerItemProxy section */
		C415384B206C100B0042D8E4 /* PBXContainerItemProxy */ = {
			isa = PBXContainerItemProxy;
			containerPortal = C4153829206C10090042D8E4 /* Project object */;
			proxyType = 1;
			remoteGlobalIDString = C4153830206C10090042D8E4;
			remoteInfo = FlickrSearch;
		};
		C4153856206C100B0042D8E4 /* PBXContainerItemProxy */ = {
			isa = PBXContainerItemProxy;
			containerPortal = C4153829206C10090042D8E4 /* Project object */;
			proxyType = 1;
			remoteGlobalIDString = C4153830206C10090042D8E4;
			remoteInfo = FlickrSearch;
		};
/* End PBXContainerItemProxy section */

/* Begin PBXCopyFilesBuildPhase section */
		842B7F57EB81F2931952E7C9 /* Embed Sources */ = {
			isa = PBXCopyFilesBuildPhase;
			buildActionMask = 2147483647;
			dstPath = "Sources/$(TARGET_NAME)";
			dstSubfolderSpec = 7;
			files = (
				8FF399288976F511201BF252 /* FlickrSearchRequestsOnlineTests.swift in Embed Sources */,
			);
			name = "Embed Sources";
			runOnlyForDeploymentPostprocessing = 0;
		};
		AE1F966C1D124724E3F138A5 /* Embed Sources */ = {
			isa = PBXCopyFilesBuildPhase;
			buildActionMask = 2147483647;
			dstPath = "Sources/$(TARGET_NAME)";
			dstSubfolderSpec = 7;
			files = (
				D3987ACCF7B5C448B3231A2C /* Sugar.swift in Embed Sources */,
				60E1C2F356EF041CEF585ABB /* APIConfig.swift in Embed Sources */,
				3ED63BB78268CC50C701F779 /* FlickrSearch.swift in Embed Sources */,
				B07E229D151996D544C7EABE /* FlickrSearchResultsUpdater.swift in Embed Sources */,
				5FCCBBFB794AF85138166EF6 /* FlickrSearchResultItemCell.swift in Embed Sources */,
				310F6C22AE44FE812EF5D848 /* ThrowingResult.swift in Embed Sources */,
				E5CF5F5C4DCAF7B63145B914 /* main.swift in Embed Sources */,
				25D1667276A0D3E79C588C83 /* AppDelegate.swift in Embed Sources */,
				489BBA5CF07632C7821A55A7 /* OptionallyDecodedString.swift in Embed Sources */,
				3C74B02322A01E41BBE2D506 /* FlickrSearchRequests.swift in Embed Sources */,
				AA401C732616443EA7E6DBE1 /* FlickrSearchResultsViewController.swift in Embed Sources */,
				764D55E9228AFA3D0E77EACA /* FlickrSearchResultDetailViewController.swift in Embed Sources */,
				71914B34E9BF288688FD88B4 /* FlickrSearchResultsCollectionViewDataSource.swift in Embed Sources */,
				78907488BCF9A5FBCB20B794 /* FlickrSearchResultsCollectionViewUpdater.swift in Embed Sources */,
				DBE310AD957325CE1A78D1E4 /* FlickrSearchResultsController.swift in Embed Sources */,
			);
			name = "Embed Sources";
			runOnlyForDeploymentPostprocessing = 0;
		};
		C455D675206D9DD3002204AD /* Embed Frameworks */ = {
			isa = PBXCopyFilesBuildPhase;
			buildActionMask = 2147483647;
			dstPath = "";
			dstSubfolderSpec = 10;
			files = (
				C455D674206D9DD2002204AD /* GETracing.framework in Embed Frameworks */,
				C455D67E206D9F4A002204AD /* GEFoundation.framework in Embed Frameworks */,
			);
			name = "Embed Frameworks";
			runOnlyForDeploymentPostprocessing = 0;
		};
		F9A4C10D8C0B2BC61EDCEB22 /* Embed Sources */ = {
			isa = PBXCopyFilesBuildPhase;
			buildActionMask = 2147483647;
			dstPath = "Sources/$(TARGET_NAME)";
			dstSubfolderSpec = 7;
			files = (
				C5C63588AE6743CC288FD718 /* FlickrSearchUITests.swift in Embed Sources */,
			);
			name = "Embed Sources";
			runOnlyForDeploymentPostprocessing = 0;
		};
/* End PBXCopyFilesBuildPhase section */

/* Begin PBXFileReference section */
		C4153831206C10090042D8E4 /* FlickrSearch.app */ = {isa = PBXFileReference; explicitFileType = wrapper.application; includeInIndex = 0; path = FlickrSearch.app; sourceTree = BUILT_PRODUCTS_DIR; };
		C4153834206C10090042D8E4 /* AppDelegate.swift */ = {isa = PBXFileReference; lastKnownFileType = sourcecode.swift; path = AppDelegate.swift; sourceTree = "<group>"; };
		C4153837206C10090042D8E4 /* FlickrSearch.xcdatamodel */ = {isa = PBXFileReference; lastKnownFileType = wrapper.xcdatamodel; path = FlickrSearch.xcdatamodel; sourceTree = "<group>"; };
		C4153839206C10090042D8E4 /* FlickrSearchResultsViewController.swift */ = {isa = PBXFileReference; lastKnownFileType = sourcecode.swift; path = FlickrSearchResultsViewController.swift; sourceTree = "<group>"; };
		C415383B206C10090042D8E4 /* FlickrSearchResultDetailViewController.swift */ = {isa = PBXFileReference; lastKnownFileType = sourcecode.swift; path = FlickrSearchResultDetailViewController.swift; sourceTree = "<group>"; };
		C415383E206C10090042D8E4 /* Base */ = {isa = PBXFileReference; lastKnownFileType = file.storyboard; name = Base; path = Base.lproj/Main.storyboard; sourceTree = "<group>"; };
		C4153840206C100A0042D8E4 /* Assets.xcassets */ = {isa = PBXFileReference; lastKnownFileType = folder.assetcatalog; path = Assets.xcassets; sourceTree = "<group>"; };
		C4153843206C100A0042D8E4 /* Base */ = {isa = PBXFileReference; lastKnownFileType = file.storyboard; name = Base; path = Base.lproj/LaunchScreen.storyboard; sourceTree = "<group>"; };
		C4153845206C100A0042D8E4 /* Info.plist */ = {isa = PBXFileReference; lastKnownFileType = text.plist.xml; path = Info.plist; sourceTree = "<group>"; };
		C415384A206C100B0042D8E4 /* FlickrSearchTests.xctest */ = {isa = PBXFileReference; explicitFileType = wrapper.cfbundle; includeInIndex = 0; path = FlickrSearchTests.xctest; sourceTree = BUILT_PRODUCTS_DIR; };
		C415384E206C100B0042D8E4 /* FlickrSearchRequestsOnlineTests.swift */ = {isa = PBXFileReference; lastKnownFileType = sourcecode.swift; path = FlickrSearchRequestsOnlineTests.swift; sourceTree = "<group>"; };
		C4153850206C100B0042D8E4 /* Info.plist */ = {isa = PBXFileReference; lastKnownFileType = text.plist.xml; path = Info.plist; sourceTree = "<group>"; };
		C4153855206C100B0042D8E4 /* FlickrSearchUITests.xctest */ = {isa = PBXFileReference; explicitFileType = wrapper.cfbundle; includeInIndex = 0; path = FlickrSearchUITests.xctest; sourceTree = BUILT_PRODUCTS_DIR; };
		C4153859206C100B0042D8E4 /* FlickrSearchUITests.swift */ = {isa = PBXFileReference; lastKnownFileType = sourcecode.swift; path = FlickrSearchUITests.swift; sourceTree = "<group>"; };
		C415385B206C100B0042D8E4 /* Info.plist */ = {isa = PBXFileReference; lastKnownFileType = text.plist.xml; path = Info.plist; sourceTree = "<group>"; };
		C4153867206C10C60042D8E4 /* Sugar.swift */ = {isa = PBXFileReference; fileEncoding = 4; lastKnownFileType = sourcecode.swift; path = Sugar.swift; sourceTree = "<group>"; };
		C4153869206C10D20042D8E4 /* FlickrSearchResultItemCell.xib */ = {isa = PBXFileReference; fileEncoding = 4; lastKnownFileType = file.xib; path = FlickrSearchResultItemCell.xib; sourceTree = "<group>"; };
		C415386B206C10D90042D8E4 /* FlickrSearchResultItemCell.swift */ = {isa = PBXFileReference; fileEncoding = 4; lastKnownFileType = sourcecode.swift; path = FlickrSearchResultItemCell.swift; sourceTree = "<group>"; };
		C42F6DBC206D6BD900C949B0 /* OptionallyDecodedString.swift */ = {isa = PBXFileReference; lastKnownFileType = sourcecode.swift; path = OptionallyDecodedString.swift; sourceTree = "<group>"; };
		C455D67C206D9F4A002204AD /* GEFoundation.framework */ = {isa = PBXFileReference; explicitFileType = wrapper.framework; path = GEFoundation.framework; sourceTree = BUILT_PRODUCTS_DIR; };
		C455D67F206D9F74002204AD /* main.swift */ = {isa = PBXFileReference; lastKnownFileType = sourcecode.swift; path = main.swift; sourceTree = "<group>"; };
		C460D64C206D9B0600A0641C /* GETracing.framework */ = {isa = PBXFileReference; explicitFileType = wrapper.framework; path = GETracing.framework; sourceTree = BUILT_PRODUCTS_DIR; };
		C467138D206C2DB50034C2D3 /* FlickrSearchResultsUpdater.swift */ = {isa = PBXFileReference; lastKnownFileType = sourcecode.swift; path = FlickrSearchResultsUpdater.swift; sourceTree = "<group>"; };
		C467138F206C36B10034C2D3 /* FlickrSearch.swift */ = {isa = PBXFileReference; lastKnownFileType = sourcecode.swift; path = FlickrSearch.swift; sourceTree = "<group>"; };
		C480A3D020709B2E006A302A /* FlickrSearchResultsController.swift */ = {isa = PBXFileReference; lastKnownFileType = sourcecode.swift; path = FlickrSearchResultsController.swift; sourceTree = "<group>"; };
		C49CA755207033B600E03DE9 /* README.md */ = {isa = PBXFileReference; lastKnownFileType = net.daringfireball.markdown; path = README.md; sourceTree = "<group>"; };
		C49CA77A20707DE400E03DE9 /* FlickrSearchResultsCollectionViewUpdater.swift */ = {isa = PBXFileReference; lastKnownFileType = sourcecode.swift; path = FlickrSearchResultsCollectionViewUpdater.swift; sourceTree = "<group>"; };
		C49CA77C207088DC00E03DE9 /* FlickrSearchResultsCollectionViewDataSource.swift */ = {isa = PBXFileReference; lastKnownFileType = sourcecode.swift; path = FlickrSearchResultsCollectionViewDataSource.swift; sourceTree = "<group>"; };
		C4B8CD46206D5AE800A3D75F /* APIConfig.swift */ = {isa = PBXFileReference; lastKnownFileType = sourcecode.swift; path = APIConfig.swift; sourceTree = "<group>"; };
		C4E664B9206D28BC0008CC56 /* ThrowingResult.swift */ = {isa = PBXFileReference; lastKnownFileType = sourcecode.swift; path = ThrowingResult.swift; sourceTree = "<group>"; };
		C4E664BB206D2C320008CC56 /* FlickrSearchRequests.swift */ = {isa = PBXFileReference; lastKnownFileType = sourcecode.swift; path = FlickrSearchRequests.swift; sourceTree = "<group>"; };
/* End PBXFileReference section */

/* Begin PBXFrameworksBuildPhase section */
		C415382E206C10090042D8E4 /* Frameworks */ = {
			isa = PBXFrameworksBuildPhase;
			buildActionMask = 2147483647;
			files = (
			);
			runOnlyForDeploymentPostprocessing = 0;
		};
		C4153847206C100B0042D8E4 /* Frameworks */ = {
			isa = PBXFrameworksBuildPhase;
			buildActionMask = 2147483647;
			files = (
			);
			runOnlyForDeploymentPostprocessing = 0;
		};
		C4153852206C100B0042D8E4 /* Frameworks */ = {
			isa = PBXFrameworksBuildPhase;
			buildActionMask = 2147483647;
			files = (
			);
			runOnlyForDeploymentPostprocessing = 0;
		};
/* End PBXFrameworksBuildPhase section */

/* Begin PBXGroup section */
		C4153828206C10090042D8E4 = {
			isa = PBXGroup;
			children = (
				C49CA755207033B600E03DE9 /* README.md */,
				C4153833206C10090042D8E4 /* FlickrSearch */,
				C415384D206C100B0042D8E4 /* FlickrSearchTests */,
				C4153858206C100B0042D8E4 /* FlickrSearchUITests */,
				C4153832206C10090042D8E4 /* Products */,
				C460D64A206D9B0600A0641C /* Frameworks */,
			);
			sourceTree = "<group>";
			usesTabs = 0;
		};
		C4153832206C10090042D8E4 /* Products */ = {
			isa = PBXGroup;
			children = (
				C4153831206C10090042D8E4 /* FlickrSearch.app */,
				C415384A206C100B0042D8E4 /* FlickrSearchTests.xctest */,
				C4153855206C100B0042D8E4 /* FlickrSearchUITests.xctest */,
			);
			name = Products;
			sourceTree = "<group>";
		};
		C4153833206C10090042D8E4 /* FlickrSearch */ = {
			isa = PBXGroup;
			children = (
				C4153834206C10090042D8E4 /* AppDelegate.swift */,
				C4153839206C10090042D8E4 /* FlickrSearchResultsViewController.swift */,
				C49CA77A20707DE400E03DE9 /* FlickrSearchResultsCollectionViewUpdater.swift */,
				C480A3D020709B2E006A302A /* FlickrSearchResultsController.swift */,
				C4153869206C10D20042D8E4 /* FlickrSearchResultItemCell.xib */,
				C415386B206C10D90042D8E4 /* FlickrSearchResultItemCell.swift */,
				C415383B206C10090042D8E4 /* FlickrSearchResultDetailViewController.swift */,
				C460D647206D988200A0641C /* SearchUI */,
				C42F6DC0206D6F6E00C949B0 /* FlickrSearchRequests */,
				C42F6DBF206D6DC500C949B0 /* Miscellaneous */,
				C415383D206C10090042D8E4 /* Main.storyboard */,
				C4153840206C100A0042D8E4 /* Assets.xcassets */,
				C4153842206C100A0042D8E4 /* LaunchScreen.storyboard */,
				C4153845206C100A0042D8E4 /* Info.plist */,
				C4153836206C10090042D8E4 /* FlickrSearch.xcdatamodeld */,
				C455D67F206D9F74002204AD /* main.swift */,
			);
			path = FlickrSearch;
			sourceTree = "<group>";
		};
		C415384D206C100B0042D8E4 /* FlickrSearchTests */ = {
			isa = PBXGroup;
			children = (
				C415384E206C100B0042D8E4 /* FlickrSearchRequestsOnlineTests.swift */,
				C4153850206C100B0042D8E4 /* Info.plist */,
			);
			path = FlickrSearchTests;
			sourceTree = "<group>";
		};
		C4153858206C100B0042D8E4 /* FlickrSearchUITests */ = {
			isa = PBXGroup;
			children = (
				C4153859206C100B0042D8E4 /* FlickrSearchUITests.swift */,
				C415385B206C100B0042D8E4 /* Info.plist */,
			);
			path = FlickrSearchUITests;
			sourceTree = "<group>";
		};
		C42F6DBF206D6DC500C949B0 /* Miscellaneous */ = {
			isa = PBXGroup;
			children = (
				C4153867206C10C60042D8E4 /* Sugar.swift */,
				C42F6DBC206D6BD900C949B0 /* OptionallyDecodedString.swift */,
				C4E664B9206D28BC0008CC56 /* ThrowingResult.swift */,
			);
			path = Miscellaneous;
			sourceTree = "<group>";
		};
		C42F6DC0206D6F6E00C949B0 /* FlickrSearchRequests */ = {
			isa = PBXGroup;
			children = (
				C4E664BB206D2C320008CC56 /* FlickrSearchRequests.swift */,
				C4B8CD46206D5AE800A3D75F /* APIConfig.swift */,
			);
			path = FlickrSearchRequests;
			sourceTree = "<group>";
		};
		C460D647206D988200A0641C /* SearchUI */ = {
			isa = PBXGroup;
			children = (
				C467138D206C2DB50034C2D3 /* FlickrSearchResultsUpdater.swift */,
				C467138F206C36B10034C2D3 /* FlickrSearch.swift */,
				C49CA77C207088DC00E03DE9 /* FlickrSearchResultsCollectionViewDataSource.swift */,
			);
			path = SearchUI;
			sourceTree = "<group>";
		};
		C460D64A206D9B0600A0641C /* Frameworks */ = {
			isa = PBXGroup;
			children = (
				C455D67C206D9F4A002204AD /* GEFoundation.framework */,
				C460D64C206D9B0600A0641C /* GETracing.framework */,
			);
			name = Frameworks;
			sourceTree = "<group>";
		};
/* End PBXGroup section */

/* Begin PBXNativeTarget section */
		C4153830206C10090042D8E4 /* FlickrSearch */ = {
			isa = PBXNativeTarget;
			buildConfigurationList = C415385E206C100B0042D8E4 /* Build configuration list for PBXNativeTarget "FlickrSearch" */;
			buildPhases = (
				C415382D206C10090042D8E4 /* Sources */,
				C415382E206C10090042D8E4 /* Frameworks */,
				C415382F206C10090042D8E4 /* Resources */,
				C4ECD2F0206DB76C0073C7E7 /* Generate Stubs For Embedded Frameworks */,
				C455D675206D9DD3002204AD /* Embed Frameworks */,
				AE1F966C1D124724E3F138A5 /* Embed Sources */,
				C4ECD2F1206DB9000073C7E7 /* Remove Stubs For Embedded Frameworks */,
			);
			buildRules = (
			);
			dependencies = (
			);
			name = FlickrSearch;
			productName = FlickrSearch;
			productReference = C4153831206C10090042D8E4 /* FlickrSearch.app */;
			productType = "com.apple.product-type.application";
		};
		C4153849206C100B0042D8E4 /* FlickrSearchTests */ = {
			isa = PBXNativeTarget;
			buildConfigurationList = C4153861206C100B0042D8E4 /* Build configuration list for PBXNativeTarget "FlickrSearchTests" */;
			buildPhases = (
				C4153846206C100B0042D8E4 /* Sources */,
				C4153847206C100B0042D8E4 /* Frameworks */,
				C4153848206C100B0042D8E4 /* Resources */,
				842B7F57EB81F2931952E7C9 /* Embed Sources */,
			);
			buildRules = (
			);
			dependencies = (
				C415384C206C100B0042D8E4 /* PBXTargetDependency */,
			);
			name = FlickrSearchTests;
			productName = FlickrSearchTests;
			productReference = C415384A206C100B0042D8E4 /* FlickrSearchTests.xctest */;
			productType = "com.apple.product-type.bundle.unit-test";
		};
		C4153854206C100B0042D8E4 /* FlickrSearchUITests */ = {
			isa = PBXNativeTarget;
			buildConfigurationList = C4153864206C100B0042D8E4 /* Build configuration list for PBXNativeTarget "FlickrSearchUITests" */;
			buildPhases = (
				C4153851206C100B0042D8E4 /* Sources */,
				C4153852206C100B0042D8E4 /* Frameworks */,
				C4153853206C100B0042D8E4 /* Resources */,
				F9A4C10D8C0B2BC61EDCEB22 /* Embed Sources */,
			);
			buildRules = (
			);
			dependencies = (
				C4153857206C100B0042D8E4 /* PBXTargetDependency */,
			);
			name = FlickrSearchUITests;
			productName = FlickrSearchUITests;
			productReference = C4153855206C100B0042D8E4 /* FlickrSearchUITests.xctest */;
			productType = "com.apple.product-type.bundle.ui-testing";
		};
/* End PBXNativeTarget section */

/* Begin PBXProject section */
		C4153829206C10090042D8E4 /* Project object */ = {
			isa = PBXProject;
			attributes = {
				LastSwiftUpdateCheck = 0930;
				LastUpgradeCheck = 0930;
				ORGANIZATIONNAME = "Grigory Entin";
				TargetAttributes = {
					C4153830206C10090042D8E4 = {
						CreatedOnToolsVersion = 9.3;
						ProvisioningStyle = Automatic;
					};
					C4153849206C100B0042D8E4 = {
						CreatedOnToolsVersion = 9.3;
						ProvisioningStyle = Automatic;
						TestTargetID = C4153830206C10090042D8E4;
					};
					C4153854206C100B0042D8E4 = {
						CreatedOnToolsVersion = 9.3;
						ProvisioningStyle = Automatic;
						TestTargetID = C4153830206C10090042D8E4;
					};
				};
			};
			buildConfigurationList = C415382C206C10090042D8E4 /* Build configuration list for PBXProject "FlickrSearch" */;
			compatibilityVersion = "Xcode 8.0";
			developmentRegion = en;
			hasScannedForEncodings = 0;
			knownRegions = (
				en,
				Base,
			);
			mainGroup = C4153828206C10090042D8E4;
			productRefGroup = C4153832206C10090042D8E4 /* Products */;
			projectDirPath = "";
			projectRoot = "";
			targets = (
				C4153830206C10090042D8E4 /* FlickrSearch */,
				C4153849206C100B0042D8E4 /* FlickrSearchTests */,
				C4153854206C100B0042D8E4 /* FlickrSearchUITests */,
			);
		};
/* End PBXProject section */

/* Begin PBXResourcesBuildPhase section */
		C415382F206C10090042D8E4 /* Resources */ = {
			isa = PBXResourcesBuildPhase;
			buildActionMask = 2147483647;
			files = (
				C4153844206C100A0042D8E4 /* LaunchScreen.storyboard in Resources */,
				C4153841206C100A0042D8E4 /* Assets.xcassets in Resources */,
				C415386A206C10D20042D8E4 /* FlickrSearchResultItemCell.xib in Resources */,
				C415383F206C10090042D8E4 /* Main.storyboard in Resources */,
			);
			runOnlyForDeploymentPostprocessing = 0;
		};
		C4153848206C100B0042D8E4 /* Resources */ = {
			isa = PBXResourcesBuildPhase;
			buildActionMask = 2147483647;
			files = (
			);
			runOnlyForDeploymentPostprocessing = 0;
		};
		C4153853206C100B0042D8E4 /* Resources */ = {
			isa = PBXResourcesBuildPhase;
			buildActionMask = 2147483647;
			files = (
			);
			runOnlyForDeploymentPostprocessing = 0;
		};
/* End PBXResourcesBuildPhase section */

/* Begin PBXShellScriptBuildPhase section */
		C4ECD2F0206DB76C0073C7E7 /* Generate Stubs For Embedded Frameworks */ = {
			isa = PBXShellScriptBuildPhase;
			buildActionMask = 12;
			files = (
			);
			inputPaths = (
			);
			name = "Generate Stubs For Embedded Frameworks";
			outputPaths = (
			);
			runOnlyForDeploymentPostprocessing = 0;
			shellPath = "/bin/sh -e";
			shellScript = "for i in GETracing GEFoundation\ndo\n    touch \"${BUILT_PRODUCTS_DIR:?}\"/\"${i:?}\".framework\ndone\n";
			showEnvVarsInLog = 0;
		};
		C4ECD2F1206DB9000073C7E7 /* Remove Stubs For Embedded Frameworks */ = {
			isa = PBXShellScriptBuildPhase;
			buildActionMask = 2147483647;
			files = (
			);
			inputPaths = (
			);
			name = "Remove Stubs For Embedded Frameworks";
			outputPaths = (
			);
			runOnlyForDeploymentPostprocessing = 0;
			shellPath = "/bin/sh -e";
			shellScript = "for i in GETracing GEFoundation\ndo\n    rm \"${BUILT_PRODUCTS_DIR:?}\"/\"${FRAMEWORKS_FOLDER_PATH:?}\"/\"${i:?}\".framework || true\ndone\n";
			showEnvVarsInLog = 0;
		};
/* End PBXShellScriptBuildPhase section */

/* Begin PBXSourcesBuildPhase section */
		C415382D206C10090042D8E4 /* Sources */ = {
			isa = PBXSourcesBuildPhase;
			buildActionMask = 2147483647;
			files = (
				C49CA77D207088DC00E03DE9 /* FlickrSearchResultsCollectionViewDataSource.swift in Sources */,
				C4153868206C10C60042D8E4 /* Sugar.swift in Sources */,
				C4B8CD47206D5AE800A3D75F /* APIConfig.swift in Sources */,
				C4671390206C36B10034C2D3 /* FlickrSearch.swift in Sources */,
				C467138E206C2DB50034C2D3 /* FlickrSearchResultsUpdater.swift in Sources */,
				C49CA77B20707DE400E03DE9 /* FlickrSearchResultsCollectionViewUpdater.swift in Sources */,
				C4153838206C10090042D8E4 /* FlickrSearch.xcdatamodeld in Sources */,
				C415386C206C10D90042D8E4 /* FlickrSearchResultItemCell.swift in Sources */,
				C4E664BA206D28BC0008CC56 /* ThrowingResult.swift in Sources */,
				C455D680206D9F74002204AD /* main.swift in Sources */,
				C4153835206C10090042D8E4 /* AppDelegate.swift in Sources */,
				C42F6DBD206D6BD900C949B0 /* OptionallyDecodedString.swift in Sources */,
				C480A3D120709B2E006A302A /* FlickrSearchResultsController.swift in Sources */,
				C4E664BC206D2C320008CC56 /* FlickrSearchRequests.swift in Sources */,
				C415383A206C10090042D8E4 /* FlickrSearchResultsViewController.swift in Sources */,
				C415383C206C10090042D8E4 /* FlickrSearchResultDetailViewController.swift in Sources */,
			);
			runOnlyForDeploymentPostprocessing = 0;
		};
		C4153846206C100B0042D8E4 /* Sources */ = {
			isa = PBXSourcesBuildPhase;
			buildActionMask = 2147483647;
			files = (
				C415384F206C100B0042D8E4 /* FlickrSearchRequestsOnlineTests.swift in Sources */,
			);
			runOnlyForDeploymentPostprocessing = 0;
		};
		C4153851206C100B0042D8E4 /* Sources */ = {
			isa = PBXSourcesBuildPhase;
			buildActionMask = 2147483647;
			files = (
				C415385A206C100B0042D8E4 /* FlickrSearchUITests.swift in Sources */,
			);
			runOnlyForDeploymentPostprocessing = 0;
		};
/* End PBXSourcesBuildPhase section */

/* Begin PBXTargetDependency section */
		C415384C206C100B0042D8E4 /* PBXTargetDependency */ = {
			isa = PBXTargetDependency;
			target = C4153830206C10090042D8E4 /* FlickrSearch */;
			targetProxy = C415384B206C100B0042D8E4 /* PBXContainerItemProxy */;
		};
		C4153857206C100B0042D8E4 /* PBXTargetDependency */ = {
			isa = PBXTargetDependency;
			target = C4153830206C10090042D8E4 /* FlickrSearch */;
			targetProxy = C4153856206C100B0042D8E4 /* PBXContainerItemProxy */;
		};
/* End PBXTargetDependency section */

/* Begin PBXVariantGroup section */
		C415383D206C10090042D8E4 /* Main.storyboard */ = {
			isa = PBXVariantGroup;
			children = (
				C415383E206C10090042D8E4 /* Base */,
			);
			name = Main.storyboard;
			sourceTree = "<group>";
		};
		C4153842206C100A0042D8E4 /* LaunchScreen.storyboard */ = {
			isa = PBXVariantGroup;
			children = (
				C4153843206C100A0042D8E4 /* Base */,
			);
			name = LaunchScreen.storyboard;
			sourceTree = "<group>";
		};
/* End PBXVariantGroup section */

/* Begin XCBuildConfiguration section */
		C415385C206C100B0042D8E4 /* Debug */ = {
			isa = XCBuildConfiguration;
			buildSettings = {
				ALWAYS_SEARCH_USER_PATHS = NO;
				CLANG_ANALYZER_NONNULL = YES;
				CLANG_ANALYZER_NUMBER_OBJECT_CONVERSION = YES_AGGRESSIVE;
				CLANG_CXX_LANGUAGE_STANDARD = "gnu++14";
				CLANG_CXX_LIBRARY = "libc++";
				CLANG_ENABLE_MODULES = YES;
				CLANG_ENABLE_OBJC_ARC = YES;
				CLANG_ENABLE_OBJC_WEAK = YES;
				CLANG_WARN_BLOCK_CAPTURE_AUTORELEASING = YES;
				CLANG_WARN_BOOL_CONVERSION = YES;
				CLANG_WARN_COMMA = YES;
				CLANG_WARN_CONSTANT_CONVERSION = YES;
				CLANG_WARN_DEPRECATED_OBJC_IMPLEMENTATIONS = YES;
				CLANG_WARN_DIRECT_OBJC_ISA_USAGE = YES_ERROR;
				CLANG_WARN_DOCUMENTATION_COMMENTS = YES;
				CLANG_WARN_EMPTY_BODY = YES;
				CLANG_WARN_ENUM_CONVERSION = YES;
				CLANG_WARN_INFINITE_RECURSION = YES;
				CLANG_WARN_INT_CONVERSION = YES;
				CLANG_WARN_NON_LITERAL_NULL_CONVERSION = YES;
				CLANG_WARN_OBJC_IMPLICIT_RETAIN_SELF = YES;
				CLANG_WARN_OBJC_LITERAL_CONVERSION = YES;
				CLANG_WARN_OBJC_ROOT_CLASS = YES_ERROR;
				CLANG_WARN_RANGE_LOOP_ANALYSIS = YES;
				CLANG_WARN_STRICT_PROTOTYPES = YES;
				CLANG_WARN_SUSPICIOUS_MOVE = YES;
				CLANG_WARN_UNGUARDED_AVAILABILITY = YES_AGGRESSIVE;
				CLANG_WARN_UNREACHABLE_CODE = YES;
				CLANG_WARN__DUPLICATE_METHOD_MATCH = YES;
				CODE_SIGN_IDENTITY = "iPhone Developer";
				COPY_PHASE_STRIP = NO;
				DEBUG_INFORMATION_FORMAT = dwarf;
				ENABLE_BITCODE = NO;
				ENABLE_STRICT_OBJC_MSGSEND = YES;
				ENABLE_TESTABILITY = YES;
				GCC_C_LANGUAGE_STANDARD = gnu11;
				GCC_DYNAMIC_NO_PIC = NO;
				GCC_NO_COMMON_BLOCKS = YES;
				GCC_OPTIMIZATION_LEVEL = 0;
				GCC_PREPROCESSOR_DEFINITIONS = (
					"DEBUG=1",
					"$(inherited)",
				);
				GCC_WARN_64_TO_32_BIT_CONVERSION = YES;
				GCC_WARN_ABOUT_RETURN_TYPE = YES_ERROR;
				GCC_WARN_UNDECLARED_SELECTOR = YES;
				GCC_WARN_UNINITIALIZED_AUTOS = YES_AGGRESSIVE;
				GCC_WARN_UNUSED_FUNCTION = YES;
				GCC_WARN_UNUSED_VARIABLE = YES;
				IPHONEOS_DEPLOYMENT_TARGET = 11.2;
				MTL_ENABLE_DEBUG_INFO = YES;
				ONLY_ACTIVE_ARCH = YES;
				SDKROOT = iphoneos;
				SWIFT_ACTIVE_COMPILATION_CONDITIONS = DEBUG;
				SWIFT_OPTIMIZATION_LEVEL = "-Onone";
			};
			name = Debug;
		};
		C415385D206C100B0042D8E4 /* Release */ = {
			isa = XCBuildConfiguration;
			buildSettings = {
				ALWAYS_SEARCH_USER_PATHS = NO;
				CLANG_ANALYZER_NONNULL = YES;
				CLANG_ANALYZER_NUMBER_OBJECT_CONVERSION = YES_AGGRESSIVE;
				CLANG_CXX_LANGUAGE_STANDARD = "gnu++14";
				CLANG_CXX_LIBRARY = "libc++";
				CLANG_ENABLE_MODULES = YES;
				CLANG_ENABLE_OBJC_ARC = YES;
				CLANG_ENABLE_OBJC_WEAK = YES;
				CLANG_WARN_BLOCK_CAPTURE_AUTORELEASING = YES;
				CLANG_WARN_BOOL_CONVERSION = YES;
				CLANG_WARN_COMMA = YES;
				CLANG_WARN_CONSTANT_CONVERSION = YES;
				CLANG_WARN_DEPRECATED_OBJC_IMPLEMENTATIONS = YES;
				CLANG_WARN_DIRECT_OBJC_ISA_USAGE = YES_ERROR;
				CLANG_WARN_DOCUMENTATION_COMMENTS = YES;
				CLANG_WARN_EMPTY_BODY = YES;
				CLANG_WARN_ENUM_CONVERSION = YES;
				CLANG_WARN_INFINITE_RECURSION = YES;
				CLANG_WARN_INT_CONVERSION = YES;
				CLANG_WARN_NON_LITERAL_NULL_CONVERSION = YES;
				CLANG_WARN_OBJC_IMPLICIT_RETAIN_SELF = YES;
				CLANG_WARN_OBJC_LITERAL_CONVERSION = YES;
				CLANG_WARN_OBJC_ROOT_CLASS = YES_ERROR;
				CLANG_WARN_RANGE_LOOP_ANALYSIS = YES;
				CLANG_WARN_STRICT_PROTOTYPES = YES;
				CLANG_WARN_SUSPICIOUS_MOVE = YES;
				CLANG_WARN_UNGUARDED_AVAILABILITY = YES_AGGRESSIVE;
				CLANG_WARN_UNREACHABLE_CODE = YES;
				CLANG_WARN__DUPLICATE_METHOD_MATCH = YES;
				CODE_SIGN_IDENTITY = "iPhone Developer";
				COPY_PHASE_STRIP = NO;
				DEBUG_INFORMATION_FORMAT = "dwarf-with-dsym";
				ENABLE_BITCODE = NO;
				ENABLE_NS_ASSERTIONS = NO;
				ENABLE_STRICT_OBJC_MSGSEND = YES;
				GCC_C_LANGUAGE_STANDARD = gnu11;
				GCC_NO_COMMON_BLOCKS = YES;
				GCC_WARN_64_TO_32_BIT_CONVERSION = YES;
				GCC_WARN_ABOUT_RETURN_TYPE = YES_ERROR;
				GCC_WARN_UNDECLARED_SELECTOR = YES;
				GCC_WARN_UNINITIALIZED_AUTOS = YES_AGGRESSIVE;
				GCC_WARN_UNUSED_FUNCTION = YES;
				GCC_WARN_UNUSED_VARIABLE = YES;
				IPHONEOS_DEPLOYMENT_TARGET = 11.2;
				MTL_ENABLE_DEBUG_INFO = NO;
				SDKROOT = iphoneos;
				SWIFT_OPTIMIZATION_LEVEL = "-Owholemodule";
				VALIDATE_PRODUCT = YES;
			};
			name = Release;
		};
		C415385F206C100B0042D8E4 /* Debug */ = {
			isa = XCBuildConfiguration;
			buildSettings = {
				ASSETCATALOG_COMPILER_APPICON_NAME = AppIcon;
				CODE_SIGN_STYLE = Automatic;
				DEVELOPMENT_TEAM = 465NA5BW7E;
				INFOPLIST_FILE = FlickrSearch/Info.plist;
				IPHONEOS_DEPLOYMENT_TARGET = 11.2;
				LD_RUNPATH_SEARCH_PATHS = "$(inherited) @executable_path/Frameworks";
				PRODUCT_BUNDLE_IDENTIFIER = com.grigorye.FlickrSearch;
				PRODUCT_NAME = "$(TARGET_NAME)";
				SWIFT_VERSION = 4.0;
				TARGETED_DEVICE_FAMILY = "1,2";
			};
			name = Debug;
		};
		C4153860206C100B0042D8E4 /* Release */ = {
			isa = XCBuildConfiguration;
			buildSettings = {
				ASSETCATALOG_COMPILER_APPICON_NAME = AppIcon;
				CODE_SIGN_STYLE = Automatic;
				DEVELOPMENT_TEAM = 465NA5BW7E;
				INFOPLIST_FILE = FlickrSearch/Info.plist;
				IPHONEOS_DEPLOYMENT_TARGET = 11.2;
				LD_RUNPATH_SEARCH_PATHS = "$(inherited) @executable_path/Frameworks";
				PRODUCT_BUNDLE_IDENTIFIER = com.grigorye.FlickrSearch;
				PRODUCT_NAME = "$(TARGET_NAME)";
				SWIFT_VERSION = 4.0;
				TARGETED_DEVICE_FAMILY = "1,2";
			};
			name = Release;
		};
		C4153862206C100B0042D8E4 /* Debug */ = {
			isa = XCBuildConfiguration;
			buildSettings = {
				ALWAYS_EMBED_SWIFT_STANDARD_LIBRARIES = YES;
				BUNDLE_LOADER = "$(TEST_HOST)";
				CODE_SIGN_STYLE = Automatic;
				DEVELOPMENT_TEAM = 465NA5BW7E;
				INFOPLIST_FILE = FlickrSearchTests/Info.plist;
				LD_RUNPATH_SEARCH_PATHS = "$(inherited) @executable_path/Frameworks @loader_path/Frameworks";
				PRODUCT_BUNDLE_IDENTIFIER = com.grigorye.FlickrSearchTests;
				PRODUCT_NAME = "$(TARGET_NAME)";
				SWIFT_VERSION = 4.0;
				TARGETED_DEVICE_FAMILY = "1,2";
				TEST_HOST = "$(BUILT_PRODUCTS_DIR)/FlickrSearch.app/FlickrSearch";
			};
			name = Debug;
		};
		C4153863206C100B0042D8E4 /* Release */ = {
			isa = XCBuildConfiguration;
			buildSettings = {
				ALWAYS_EMBED_SWIFT_STANDARD_LIBRARIES = YES;
				BUNDLE_LOADER = "$(TEST_HOST)";
				CODE_SIGN_STYLE = Automatic;
				DEVELOPMENT_TEAM = 465NA5BW7E;
				INFOPLIST_FILE = FlickrSearchTests/Info.plist;
				LD_RUNPATH_SEARCH_PATHS = "$(inherited) @executable_path/Frameworks @loader_path/Frameworks";
				PRODUCT_BUNDLE_IDENTIFIER = com.grigorye.FlickrSearchTests;
				PRODUCT_NAME = "$(TARGET_NAME)";
				SWIFT_VERSION = 4.0;
				TARGETED_DEVICE_FAMILY = "1,2";
				TEST_HOST = "$(BUILT_PRODUCTS_DIR)/FlickrSearch.app/FlickrSearch";
			};
			name = Release;
		};
		C4153865206C100B0042D8E4 /* Debug */ = {
			isa = XCBuildConfiguration;
			buildSettings = {
				ALWAYS_EMBED_SWIFT_STANDARD_LIBRARIES = YES;
				CODE_SIGN_STYLE = Automatic;
				DEVELOPMENT_TEAM = 465NA5BW7E;
				INFOPLIST_FILE = FlickrSearchUITests/Info.plist;
				LD_RUNPATH_SEARCH_PATHS = "$(inherited) @executable_path/Frameworks @loader_path/Frameworks";
				PRODUCT_BUNDLE_IDENTIFIER = com.grigorye.FlickrSearchUITests;
				PRODUCT_NAME = "$(TARGET_NAME)";
				SWIFT_VERSION = 4.0;
				TARGETED_DEVICE_FAMILY = "1,2";
				TEST_TARGET_NAME = FlickrSearch;
			};
			name = Debug;
		};
		C4153866206C100B0042D8E4 /* Release */ = {
			isa = XCBuildConfiguration;
			buildSettings = {
				ALWAYS_EMBED_SWIFT_STANDARD_LIBRARIES = YES;
				CODE_SIGN_STYLE = Automatic;
				DEVELOPMENT_TEAM = 465NA5BW7E;
				INFOPLIST_FILE = FlickrSearchUITests/Info.plist;
				LD_RUNPATH_SEARCH_PATHS = "$(inherited) @executable_path/Frameworks @loader_path/Frameworks";
				PRODUCT_BUNDLE_IDENTIFIER = com.grigorye.FlickrSearchUITests;
				PRODUCT_NAME = "$(TARGET_NAME)";
				SWIFT_VERSION = 4.0;
				TARGETED_DEVICE_FAMILY = "1,2";
				TEST_TARGET_NAME = FlickrSearch;
			};
			name = Release;
		};
/* End XCBuildConfiguration section */

/* Begin XCConfigurationList section */
		C415382C206C10090042D8E4 /* Build configuration list for PBXProject "FlickrSearch" */ = {
			isa = XCConfigurationList;
			buildConfigurations = (
				C415385C206C100B0042D8E4 /* Debug */,
				C415385D206C100B0042D8E4 /* Release */,
			);
			defaultConfigurationIsVisible = 0;
			defaultConfigurationName = Release;
		};
		C415385E206C100B0042D8E4 /* Build configuration list for PBXNativeTarget "FlickrSearch" */ = {
			isa = XCConfigurationList;
			buildConfigurations = (
				C415385F206C100B0042D8E4 /* Debug */,
				C4153860206C100B0042D8E4 /* Release */,
			);
			defaultConfigurationIsVisible = 0;
			defaultConfigurationName = Release;
		};
		C4153861206C100B0042D8E4 /* Build configuration list for PBXNativeTarget "FlickrSearchTests" */ = {
			isa = XCConfigurationList;
			buildConfigurations = (
				C4153862206C100B0042D8E4 /* Debug */,
				C4153863206C100B0042D8E4 /* Release */,
			);
			defaultConfigurationIsVisible = 0;
			defaultConfigurationName = Release;
		};
		C4153864206C100B0042D8E4 /* Build configuration list for PBXNativeTarget "FlickrSearchUITests" */ = {
			isa = XCConfigurationList;
			buildConfigurations = (
				C4153865206C100B0042D8E4 /* Debug */,
				C4153866206C100B0042D8E4 /* Release */,
			);
			defaultConfigurationIsVisible = 0;
			defaultConfigurationName = Release;
		};
/* End XCConfigurationList section */

/* Begin XCVersionGroup section */
		C4153836206C10090042D8E4 /* FlickrSearch.xcdatamodeld */ = {
			isa = XCVersionGroup;
			children = (
				C4153837206C10090042D8E4 /* FlickrSearch.xcdatamodel */,
			);
			currentVersion = C4153837206C10090042D8E4 /* FlickrSearch.xcdatamodel */;
			path = FlickrSearch.xcdatamodeld;
			sourceTree = "<group>";
			versionGroupType = wrapper.xcdatamodel;
		};
/* End XCVersionGroup section */
	};
	rootObject = C4153829206C10090042D8E4 /* Project object */;
}
